// !$*UTF8*$!
{
	archiveVersion = 1;
	classes = {
	};
	objectVersion = 55;
	objects = {

/* Begin PBXBuildFile section */
		3E4CCE7B27E5DD51006DD013 /* SwiftUIviewsApp.swift in Sources */ = {isa = PBXBuildFile; fileRef = 3E4CCE7A27E5DD51006DD013 /* SwiftUIviewsApp.swift */; };
		3E4CCE7D27E5DD51006DD013 /* ContentView.swift in Sources */ = {isa = PBXBuildFile; fileRef = 3E4CCE7C27E5DD51006DD013 /* ContentView.swift */; };
		3E4CCE7F27E5DD53006DD013 /* Assets.xcassets in Resources */ = {isa = PBXBuildFile; fileRef = 3E4CCE7E27E5DD53006DD013 /* Assets.xcassets */; };
		3E4CCE8227E5DD53006DD013 /* Preview Assets.xcassets in Resources */ = {isa = PBXBuildFile; fileRef = 3E4CCE8127E5DD53006DD013 /* Preview Assets.xcassets */; };
		3E4CCE8D27E5DF46006DD013 /* Expense.swift in Sources */ = {isa = PBXBuildFile; fileRef = 3E4CCE8C27E5DF46006DD013 /* Expense.swift */; };
		3E4CCE9027E5E050006DD013 /* SPSafeSymbols in Frameworks */ = {isa = PBXBuildFile; productRef = 3E4CCE8F27E5E050006DD013 /* SPSafeSymbols */; };
		3E4CCE9227E5E198006DD013 /* ExpenseTracker.swift in Sources */ = {isa = PBXBuildFile; fileRef = 3E4CCE9127E5E198006DD013 /* ExpenseTracker.swift */; };
		3E882869280C66B400CD4745 /* HeroAnimationView.swift in Sources */ = {isa = PBXBuildFile; fileRef = 3E882868280C66B400CD4745 /* HeroAnimationView.swift */; };
		3E88286C280C69F700CD4745 /* Today.swift in Sources */ = {isa = PBXBuildFile; fileRef = 3E88286B280C69F700CD4745 /* Today.swift */; };
		3E88286E280C6F6000CD4745 /* CustomCornerns.swift in Sources */ = {isa = PBXBuildFile; fileRef = 3E88286D280C6F6000CD4745 /* CustomCornerns.swift */; };
		3EF2F53F27E5EB3E00386EED /* SpeedMetter.swift in Sources */ = {isa = PBXBuildFile; fileRef = 3EF2F53E27E5EB3E00386EED /* SpeedMetter.swift */; };
		3EF2F54127E5F3FF00386EED /* IndicatorShape.swift in Sources */ = {isa = PBXBuildFile; fileRef = 3EF2F54027E5F3FF00386EED /* IndicatorShape.swift */; };
		3EF2F54327E6007F00386EED /* AnimatedText.swift in Sources */ = {isa = PBXBuildFile; fileRef = 3EF2F54227E6007F00386EED /* AnimatedText.swift */; };
		3EF2F54727E609E300386EED /* MainView.swift in Sources */ = {isa = PBXBuildFile; fileRef = 3EF2F54627E609E300386EED /* MainView.swift */; };
		3EF2F55027E60F1200386EED /* SDWebImageSwiftUI in Frameworks */ = {isa = PBXBuildFile; productRef = 3EF2F54F27E60F1200386EED /* SDWebImageSwiftUI */; };
		3EF2F55F27E60F2700386EED /* MarvelHeroes.swift in Sources */ = {isa = PBXBuildFile; fileRef = 3EF2F55227E60F2600386EED /* MarvelHeroes.swift */; };
		3EF2F56027E60F2700386EED /* ComicRowView.swift in Sources */ = {isa = PBXBuildFile; fileRef = 3EF2F55427E60F2600386EED /* ComicRowView.swift */; };
		3EF2F56127E60F2700386EED /* ComicsView.swift in Sources */ = {isa = PBXBuildFile; fileRef = 3EF2F55527E60F2600386EED /* ComicsView.swift */; };
		3EF2F56227E60F2700386EED /* CharacterView.swift in Sources */ = {isa = PBXBuildFile; fileRef = 3EF2F55727E60F2600386EED /* CharacterView.swift */; };
		3EF2F56327E60F2700386EED /* CharacterRowView.swift in Sources */ = {isa = PBXBuildFile; fileRef = 3EF2F55827E60F2600386EED /* CharacterRowView.swift */; };
		3EF2F56427E60F2700386EED /* WebView.swift in Sources */ = {isa = PBXBuildFile; fileRef = 3EF2F55927E60F2600386EED /* WebView.swift */; };
		3EF2F56527E60F2700386EED /* HomeViewModel.swift in Sources */ = {isa = PBXBuildFile; fileRef = 3EF2F55B27E60F2600386EED /* HomeViewModel.swift */; };
		3EF2F56627E60F2700386EED /* Character.swift in Sources */ = {isa = PBXBuildFile; fileRef = 3EF2F55D27E60F2700386EED /* Character.swift */; };
		3EF2F56727E60F2700386EED /* Comic.swift in Sources */ = {isa = PBXBuildFile; fileRef = 3EF2F55E27E60F2700386EED /* Comic.swift */; };
		3EF2F56C27E6187000386EED /* SleepTime.swift in Sources */ = {isa = PBXBuildFile; fileRef = 3EF2F56B27E6187000386EED /* SleepTime.swift */; };
/* End PBXBuildFile section */

/* Begin PBXFileReference section */
		3E4CCE7727E5DD51006DD013 /* SwiftUIviews.app */ = {isa = PBXFileReference; explicitFileType = wrapper.application; includeInIndex = 0; path = SwiftUIviews.app; sourceTree = BUILT_PRODUCTS_DIR; };
		3E4CCE7A27E5DD51006DD013 /* SwiftUIviewsApp.swift */ = {isa = PBXFileReference; lastKnownFileType = sourcecode.swift; path = SwiftUIviewsApp.swift; sourceTree = "<group>"; };
		3E4CCE7C27E5DD51006DD013 /* ContentView.swift */ = {isa = PBXFileReference; lastKnownFileType = sourcecode.swift; path = ContentView.swift; sourceTree = "<group>"; };
		3E4CCE7E27E5DD53006DD013 /* Assets.xcassets */ = {isa = PBXFileReference; lastKnownFileType = folder.assetcatalog; path = Assets.xcassets; sourceTree = "<group>"; };
		3E4CCE8127E5DD53006DD013 /* Preview Assets.xcassets */ = {isa = PBXFileReference; lastKnownFileType = folder.assetcatalog; path = "Preview Assets.xcassets"; sourceTree = "<group>"; };
		3E4CCE8C27E5DF46006DD013 /* Expense.swift */ = {isa = PBXFileReference; lastKnownFileType = sourcecode.swift; path = Expense.swift; sourceTree = "<group>"; };
		3E4CCE9127E5E198006DD013 /* ExpenseTracker.swift */ = {isa = PBXFileReference; lastKnownFileType = sourcecode.swift; path = ExpenseTracker.swift; sourceTree = "<group>"; };
		3E882868280C66B400CD4745 /* HeroAnimationView.swift */ = {isa = PBXFileReference; lastKnownFileType = sourcecode.swift; path = HeroAnimationView.swift; sourceTree = "<group>"; };
		3E88286B280C69F700CD4745 /* Today.swift */ = {isa = PBXFileReference; lastKnownFileType = sourcecode.swift; path = Today.swift; sourceTree = "<group>"; };
		3E88286D280C6F6000CD4745 /* CustomCornerns.swift */ = {isa = PBXFileReference; lastKnownFileType = sourcecode.swift; path = CustomCornerns.swift; sourceTree = "<group>"; };
		3EF2F53E27E5EB3E00386EED /* SpeedMetter.swift */ = {isa = PBXFileReference; lastKnownFileType = sourcecode.swift; path = SpeedMetter.swift; sourceTree = "<group>"; };
		3EF2F54027E5F3FF00386EED /* IndicatorShape.swift */ = {isa = PBXFileReference; lastKnownFileType = sourcecode.swift; path = IndicatorShape.swift; sourceTree = "<group>"; };
		3EF2F54227E6007F00386EED /* AnimatedText.swift */ = {isa = PBXFileReference; lastKnownFileType = sourcecode.swift; path = AnimatedText.swift; sourceTree = "<group>"; };
		3EF2F54627E609E300386EED /* MainView.swift */ = {isa = PBXFileReference; lastKnownFileType = sourcecode.swift; path = MainView.swift; sourceTree = "<group>"; };
		3EF2F55227E60F2600386EED /* MarvelHeroes.swift */ = {isa = PBXFileReference; fileEncoding = 4; lastKnownFileType = sourcecode.swift; path = MarvelHeroes.swift; sourceTree = "<group>"; };
		3EF2F55427E60F2600386EED /* ComicRowView.swift */ = {isa = PBXFileReference; fileEncoding = 4; lastKnownFileType = sourcecode.swift; path = ComicRowView.swift; sourceTree = "<group>"; };
		3EF2F55527E60F2600386EED /* ComicsView.swift */ = {isa = PBXFileReference; fileEncoding = 4; lastKnownFileType = sourcecode.swift; path = ComicsView.swift; sourceTree = "<group>"; };
		3EF2F55727E60F2600386EED /* CharacterView.swift */ = {isa = PBXFileReference; fileEncoding = 4; lastKnownFileType = sourcecode.swift; path = CharacterView.swift; sourceTree = "<group>"; };
		3EF2F55827E60F2600386EED /* CharacterRowView.swift */ = {isa = PBXFileReference; fileEncoding = 4; lastKnownFileType = sourcecode.swift; path = CharacterRowView.swift; sourceTree = "<group>"; };
		3EF2F55927E60F2600386EED /* WebView.swift */ = {isa = PBXFileReference; fileEncoding = 4; lastKnownFileType = sourcecode.swift; path = WebView.swift; sourceTree = "<group>"; };
		3EF2F55B27E60F2600386EED /* HomeViewModel.swift */ = {isa = PBXFileReference; fileEncoding = 4; lastKnownFileType = sourcecode.swift; path = HomeViewModel.swift; sourceTree = "<group>"; };
		3EF2F55D27E60F2700386EED /* Character.swift */ = {isa = PBXFileReference; fileEncoding = 4; lastKnownFileType = sourcecode.swift; path = Character.swift; sourceTree = "<group>"; };
		3EF2F55E27E60F2700386EED /* Comic.swift */ = {isa = PBXFileReference; fileEncoding = 4; lastKnownFileType = sourcecode.swift; path = Comic.swift; sourceTree = "<group>"; };
		3EF2F56927E614D800386EED /* Info.plist */ = {isa = PBXFileReference; lastKnownFileType = text.plist; path = Info.plist; sourceTree = "<group>"; };
		3EF2F56B27E6187000386EED /* SleepTime.swift */ = {isa = PBXFileReference; fileEncoding = 4; lastKnownFileType = sourcecode.swift; path = SleepTime.swift; sourceTree = "<group>"; };
/* End PBXFileReference section */

/* Begin PBXFrameworksBuildPhase section */
		3E4CCE7427E5DD51006DD013 /* Frameworks */ = {
			isa = PBXFrameworksBuildPhase;
			buildActionMask = 2147483647;
			files = (
				3EF2F55027E60F1200386EED /* SDWebImageSwiftUI in Frameworks */,
				3E4CCE9027E5E050006DD013 /* SPSafeSymbols in Frameworks */,
			);
			runOnlyForDeploymentPostprocessing = 0;
		};
/* End PBXFrameworksBuildPhase section */

/* Begin PBXGroup section */
		3E3747A32802A51500431495 /* HeroAnimationView */ = {
			isa = PBXGroup;
			children = (
				3E88286A280C68B000CD4745 /* Model */,
				3E882868280C66B400CD4745 /* HeroAnimationView.swift */,
				3E88286D280C6F6000CD4745 /* CustomCornerns.swift */,
			);
			path = HeroAnimationView;
			sourceTree = "<group>";
		};
		3E4CCE6E27E5DD51006DD013 = {
			isa = PBXGroup;
			children = (
				3E4CCE7927E5DD51006DD013 /* SwiftUIviews */,
				3E4CCE7827E5DD51006DD013 /* Products */,
			);
			sourceTree = "<group>";
		};
		3E4CCE7827E5DD51006DD013 /* Products */ = {
			isa = PBXGroup;
			children = (
				3E4CCE7727E5DD51006DD013 /* SwiftUIviews.app */,
			);
			name = Products;
			sourceTree = "<group>";
		};
		3E4CCE7927E5DD51006DD013 /* SwiftUIviews */ = {
			isa = PBXGroup;
			children = (
				3EF2F56927E614D800386EED /* Info.plist */,
				3EF2F56D27E61A8F00386EED /* Views */,
				3E4CCE7A27E5DD51006DD013 /* SwiftUIviewsApp.swift */,
				3E4CCE7C27E5DD51006DD013 /* ContentView.swift */,
				3EF2F54627E609E300386EED /* MainView.swift */,
				3E4CCE7E27E5DD53006DD013 /* Assets.xcassets */,
				3E4CCE8027E5DD53006DD013 /* Preview Content */,
			);
			path = SwiftUIviews;
			sourceTree = "<group>";
		};
		3E4CCE8027E5DD53006DD013 /* Preview Content */ = {
			isa = PBXGroup;
			children = (
				3E4CCE8127E5DD53006DD013 /* Preview Assets.xcassets */,
			);
			path = "Preview Content";
			sourceTree = "<group>";
		};
		3E4CCE8827E5DF00006DD013 /* View */ = {
			isa = PBXGroup;
			children = (
				3E4CCE9127E5E198006DD013 /* ExpenseTracker.swift */,
				3EF2F53E27E5EB3E00386EED /* SpeedMetter.swift */,
				3EF2F54027E5F3FF00386EED /* IndicatorShape.swift */,
				3EF2F54227E6007F00386EED /* AnimatedText.swift */,
			);
			path = View;
			sourceTree = "<group>";
		};
		3E4CCE8A27E5DF0D006DD013 /* Model */ = {
			isa = PBXGroup;
			children = (
				3E4CCE8C27E5DF46006DD013 /* Expense.swift */,
			);
			path = Model;
			sourceTree = "<group>";
		};
		3E88286A280C68B000CD4745 /* Model */ = {
			isa = PBXGroup;
			children = (
				3E88286B280C69F700CD4745 /* Today.swift */,
			);
			path = Model;
			sourceTree = "<group>";
		};
		3EF2F54527E603D700386EED /* ExpenseTracker */ = {
			isa = PBXGroup;
			children = (
				3E4CCE8A27E5DF0D006DD013 /* Model */,
				3E4CCE8827E5DF00006DD013 /* View */,
			);
			path = ExpenseTracker;
			sourceTree = "<group>";
		};
		3EF2F55127E60F2600386EED /* View */ = {
			isa = PBXGroup;
			children = (
				3EF2F55227E60F2600386EED /* MarvelHeroes.swift */,
				3EF2F55327E60F2600386EED /* ComicView */,
				3EF2F55627E60F2600386EED /* CharacterView */,
				3EF2F55927E60F2600386EED /* WebView.swift */,
			);
			path = View;
			sourceTree = "<group>";
		};
		3EF2F55327E60F2600386EED /* ComicView */ = {
			isa = PBXGroup;
			children = (
				3EF2F55427E60F2600386EED /* ComicRowView.swift */,
				3EF2F55527E60F2600386EED /* ComicsView.swift */,
			);
			path = ComicView;
			sourceTree = "<group>";
		};
		3EF2F55627E60F2600386EED /* CharacterView */ = {
			isa = PBXGroup;
			children = (
				3EF2F55727E60F2600386EED /* CharacterView.swift */,
				3EF2F55827E60F2600386EED /* CharacterRowView.swift */,
			);
			path = CharacterView;
			sourceTree = "<group>";
		};
		3EF2F55A27E60F2600386EED /* ViewModel */ = {
			isa = PBXGroup;
			children = (
				3EF2F55B27E60F2600386EED /* HomeViewModel.swift */,
			);
			path = ViewModel;
			sourceTree = "<group>";
		};
		3EF2F55C27E60F2700386EED /* Model */ = {
			isa = PBXGroup;
			children = (
				3EF2F55D27E60F2700386EED /* Character.swift */,
				3EF2F55E27E60F2700386EED /* Comic.swift */,
			);
			path = Model;
			sourceTree = "<group>";
		};
		3EF2F56827E60F3200386EED /* Marvel */ = {
			isa = PBXGroup;
			children = (
				3EF2F55C27E60F2700386EED /* Model */,
				3EF2F55127E60F2600386EED /* View */,
				3EF2F55A27E60F2600386EED /* ViewModel */,
			);
			path = Marvel;
			sourceTree = "<group>";
		};
		3EF2F56A27E6186100386EED /* SleepTime */ = {
			isa = PBXGroup;
			children = (
				3EF2F56B27E6187000386EED /* SleepTime.swift */,
			);
			path = SleepTime;
			sourceTree = "<group>";
		};
		3EF2F56D27E61A8F00386EED /* Views */ = {
			isa = PBXGroup;
			children = (
				3E3747A32802A51500431495 /* HeroAnimationView */,
				3EF2F56A27E6186100386EED /* SleepTime */,
				3EF2F56827E60F3200386EED /* Marvel */,
				3EF2F54527E603D700386EED /* ExpenseTracker */,
			);
			path = Views;
			sourceTree = "<group>";
		};
/* End PBXGroup section */

/* Begin PBXNativeTarget section */
		3E4CCE7627E5DD51006DD013 /* SwiftUIviews */ = {
			isa = PBXNativeTarget;
			buildConfigurationList = 3E4CCE8527E5DD53006DD013 /* Build configuration list for PBXNativeTarget "SwiftUIviews" */;
			buildPhases = (
				3E4CCE7327E5DD51006DD013 /* Sources */,
				3E4CCE7427E5DD51006DD013 /* Frameworks */,
				3E4CCE7527E5DD51006DD013 /* Resources */,
			);
			buildRules = (
			);
			dependencies = (
			);
			name = SwiftUIviews;
			packageProductDependencies = (
				3E4CCE8F27E5E050006DD013 /* SPSafeSymbols */,
				3EF2F54F27E60F1200386EED /* SDWebImageSwiftUI */,
			);
			productName = SwiftUIviews;
			productReference = 3E4CCE7727E5DD51006DD013 /* SwiftUIviews.app */;
			productType = "com.apple.product-type.application";
		};
/* End PBXNativeTarget section */

/* Begin PBXProject section */
		3E4CCE6F27E5DD51006DD013 /* Project object */ = {
			isa = PBXProject;
			attributes = {
				BuildIndependentTargetsInParallel = 1;
				LastSwiftUpdateCheck = 1330;
				LastUpgradeCheck = 1330;
				TargetAttributes = {
					3E4CCE7627E5DD51006DD013 = {
						CreatedOnToolsVersion = 13.3;
					};
				};
			};
			buildConfigurationList = 3E4CCE7227E5DD51006DD013 /* Build configuration list for PBXProject "SwiftUIviews" */;
			compatibilityVersion = "Xcode 13.0";
			developmentRegion = en;
			hasScannedForEncodings = 0;
			knownRegions = (
				en,
				Base,
			);
			mainGroup = 3E4CCE6E27E5DD51006DD013;
			packageReferences = (
				3E4CCE8E27E5E050006DD013 /* XCRemoteSwiftPackageReference "SPSafeSymbols" */,
				3EF2F54E27E60F1200386EED /* XCRemoteSwiftPackageReference "SDWebImageSwiftUI" */,
			);
			productRefGroup = 3E4CCE7827E5DD51006DD013 /* Products */;
			projectDirPath = "";
			projectRoot = "";
			targets = (
				3E4CCE7627E5DD51006DD013 /* SwiftUIviews */,
			);
		};
/* End PBXProject section */

/* Begin PBXResourcesBuildPhase section */
		3E4CCE7527E5DD51006DD013 /* Resources */ = {
			isa = PBXResourcesBuildPhase;
			buildActionMask = 2147483647;
			files = (
				3E4CCE8227E5DD53006DD013 /* Preview Assets.xcassets in Resources */,
				3E4CCE7F27E5DD53006DD013 /* Assets.xcassets in Resources */,
			);
			runOnlyForDeploymentPostprocessing = 0;
		};
/* End PBXResourcesBuildPhase section */

/* Begin PBXSourcesBuildPhase section */
		3E4CCE7327E5DD51006DD013 /* Sources */ = {
			isa = PBXSourcesBuildPhase;
			buildActionMask = 2147483647;
			files = (
				3EF2F54327E6007F00386EED /* AnimatedText.swift in Sources */,
				3EF2F56727E60F2700386EED /* Comic.swift in Sources */,
				3EF2F54727E609E300386EED /* MainView.swift in Sources */,
				3E4CCE8D27E5DF46006DD013 /* Expense.swift in Sources */,
				3EF2F56C27E6187000386EED /* SleepTime.swift in Sources */,
				3EF2F53F27E5EB3E00386EED /* SpeedMetter.swift in Sources */,
				3EF2F56327E60F2700386EED /* CharacterRowView.swift in Sources */,
				3EF2F55F27E60F2700386EED /* MarvelHeroes.swift in Sources */,
				3E4CCE7D27E5DD51006DD013 /* ContentView.swift in Sources */,
				3E882869280C66B400CD4745 /* HeroAnimationView.swift in Sources */,
				3EF2F56627E60F2700386EED /* Character.swift in Sources */,
				3E88286C280C69F700CD4745 /* Today.swift in Sources */,
				3E88286E280C6F6000CD4745 /* CustomCornerns.swift in Sources */,
				3EF2F56227E60F2700386EED /* CharacterView.swift in Sources */,
				3EF2F56127E60F2700386EED /* ComicsView.swift in Sources */,
				3E4CCE9227E5E198006DD013 /* ExpenseTracker.swift in Sources */,
				3EF2F56027E60F2700386EED /* ComicRowView.swift in Sources */,
				3E4CCE7B27E5DD51006DD013 /* SwiftUIviewsApp.swift in Sources */,
				3EF2F54127E5F3FF00386EED /* IndicatorShape.swift in Sources */,
				3EF2F56527E60F2700386EED /* HomeViewModel.swift in Sources */,
				3EF2F56427E60F2700386EED /* WebView.swift in Sources */,
			);
			runOnlyForDeploymentPostprocessing = 0;
		};
/* End PBXSourcesBuildPhase section */

/* Begin XCBuildConfiguration section */
		3E4CCE8327E5DD53006DD013 /* Debug */ = {
			isa = XCBuildConfiguration;
			buildSettings = {
				ALWAYS_SEARCH_USER_PATHS = NO;
				CLANG_ANALYZER_NONNULL = YES;
				CLANG_ANALYZER_NUMBER_OBJECT_CONVERSION = YES_AGGRESSIVE;
				CLANG_CXX_LANGUAGE_STANDARD = "gnu++17";
				CLANG_ENABLE_MODULES = YES;
				CLANG_ENABLE_OBJC_ARC = YES;
				CLANG_ENABLE_OBJC_WEAK = YES;
				CLANG_WARN_BLOCK_CAPTURE_AUTORELEASING = YES;
				CLANG_WARN_BOOL_CONVERSION = YES;
				CLANG_WARN_COMMA = YES;
				CLANG_WARN_CONSTANT_CONVERSION = YES;
				CLANG_WARN_DEPRECATED_OBJC_IMPLEMENTATIONS = YES;
				CLANG_WARN_DIRECT_OBJC_ISA_USAGE = YES_ERROR;
				CLANG_WARN_DOCUMENTATION_COMMENTS = YES;
				CLANG_WARN_EMPTY_BODY = YES;
				CLANG_WARN_ENUM_CONVERSION = YES;
				CLANG_WARN_INFINITE_RECURSION = YES;
				CLANG_WARN_INT_CONVERSION = YES;
				CLANG_WARN_NON_LITERAL_NULL_CONVERSION = YES;
				CLANG_WARN_OBJC_IMPLICIT_RETAIN_SELF = YES;
				CLANG_WARN_OBJC_LITERAL_CONVERSION = YES;
				CLANG_WARN_OBJC_ROOT_CLASS = YES_ERROR;
				CLANG_WARN_QUOTED_INCLUDE_IN_FRAMEWORK_HEADER = YES;
				CLANG_WARN_RANGE_LOOP_ANALYSIS = YES;
				CLANG_WARN_STRICT_PROTOTYPES = YES;
				CLANG_WARN_SUSPICIOUS_MOVE = YES;
				CLANG_WARN_UNGUARDED_AVAILABILITY = YES_AGGRESSIVE;
				CLANG_WARN_UNREACHABLE_CODE = YES;
				CLANG_WARN__DUPLICATE_METHOD_MATCH = YES;
				COPY_PHASE_STRIP = NO;
				DEBUG_INFORMATION_FORMAT = dwarf;
				ENABLE_STRICT_OBJC_MSGSEND = YES;
				ENABLE_TESTABILITY = YES;
				GCC_C_LANGUAGE_STANDARD = gnu11;
				GCC_DYNAMIC_NO_PIC = NO;
				GCC_NO_COMMON_BLOCKS = YES;
				GCC_OPTIMIZATION_LEVEL = 0;
				GCC_PREPROCESSOR_DEFINITIONS = (
					"DEBUG=1",
					"$(inherited)",
				);
				GCC_WARN_64_TO_32_BIT_CONVERSION = YES;
				GCC_WARN_ABOUT_RETURN_TYPE = YES_ERROR;
				GCC_WARN_UNDECLARED_SELECTOR = YES;
				GCC_WARN_UNINITIALIZED_AUTOS = YES_AGGRESSIVE;
				GCC_WARN_UNUSED_FUNCTION = YES;
				GCC_WARN_UNUSED_VARIABLE = YES;
				IPHONEOS_DEPLOYMENT_TARGET = 15.4;
				MTL_ENABLE_DEBUG_INFO = INCLUDE_SOURCE;
				MTL_FAST_MATH = YES;
				ONLY_ACTIVE_ARCH = YES;
				SDKROOT = iphoneos;
				SWIFT_ACTIVE_COMPILATION_CONDITIONS = DEBUG;
				SWIFT_OPTIMIZATION_LEVEL = "-Onone";
			};
			name = Debug;
		};
		3E4CCE8427E5DD53006DD013 /* Release */ = {
			isa = XCBuildConfiguration;
			buildSettings = {
				ALWAYS_SEARCH_USER_PATHS = NO;
				CLANG_ANALYZER_NONNULL = YES;
				CLANG_ANALYZER_NUMBER_OBJECT_CONVERSION = YES_AGGRESSIVE;
				CLANG_CXX_LANGUAGE_STANDARD = "gnu++17";
				CLANG_ENABLE_MODULES = YES;
				CLANG_ENABLE_OBJC_ARC = YES;
				CLANG_ENABLE_OBJC_WEAK = YES;
				CLANG_WARN_BLOCK_CAPTURE_AUTORELEASING = YES;
				CLANG_WARN_BOOL_CONVERSION = YES;
				CLANG_WARN_COMMA = YES;
				CLANG_WARN_CONSTANT_CONVERSION = YES;
				CLANG_WARN_DEPRECATED_OBJC_IMPLEMENTATIONS = YES;
				CLANG_WARN_DIRECT_OBJC_ISA_USAGE = YES_ERROR;
				CLANG_WARN_DOCUMENTATION_COMMENTS = YES;
				CLANG_WARN_EMPTY_BODY = YES;
				CLANG_WARN_ENUM_CONVERSION = YES;
				CLANG_WARN_INFINITE_RECURSION = YES;
				CLANG_WARN_INT_CONVERSION = YES;
				CLANG_WARN_NON_LITERAL_NULL_CONVERSION = YES;
				CLANG_WARN_OBJC_IMPLICIT_RETAIN_SELF = YES;
				CLANG_WARN_OBJC_LITERAL_CONVERSION = YES;
				CLANG_WARN_OBJC_ROOT_CLASS = YES_ERROR;
				CLANG_WARN_QUOTED_INCLUDE_IN_FRAMEWORK_HEADER = YES;
				CLANG_WARN_RANGE_LOOP_ANALYSIS = YES;
				CLANG_WARN_STRICT_PROTOTYPES = YES;
				CLANG_WARN_SUSPICIOUS_MOVE = YES;
				CLANG_WARN_UNGUARDED_AVAILABILITY = YES_AGGRESSIVE;
				CLANG_WARN_UNREACHABLE_CODE = YES;
				CLANG_WARN__DUPLICATE_METHOD_MATCH = YES;
				COPY_PHASE_STRIP = NO;
				DEBUG_INFORMATION_FORMAT = "dwarf-with-dsym";
				ENABLE_NS_ASSERTIONS = NO;
				ENABLE_STRICT_OBJC_MSGSEND = YES;
				GCC_C_LANGUAGE_STANDARD = gnu11;
				GCC_NO_COMMON_BLOCKS = YES;
				GCC_WARN_64_TO_32_BIT_CONVERSION = YES;
				GCC_WARN_ABOUT_RETURN_TYPE = YES_ERROR;
				GCC_WARN_UNDECLARED_SELECTOR = YES;
				GCC_WARN_UNINITIALIZED_AUTOS = YES_AGGRESSIVE;
				GCC_WARN_UNUSED_FUNCTION = YES;
				GCC_WARN_UNUSED_VARIABLE = YES;
				IPHONEOS_DEPLOYMENT_TARGET = 15.4;
				MTL_ENABLE_DEBUG_INFO = NO;
				MTL_FAST_MATH = YES;
				SDKROOT = iphoneos;
				SWIFT_COMPILATION_MODE = wholemodule;
				SWIFT_OPTIMIZATION_LEVEL = "-O";
				VALIDATE_PRODUCT = YES;
			};
			name = Release;
		};
		3E4CCE8627E5DD53006DD013 /* Debug */ = {
			isa = XCBuildConfiguration;
			buildSettings = {
				ASSETCATALOG_COMPILER_APPICON_NAME = AppIcon;
				ASSETCATALOG_COMPILER_GLOBAL_ACCENT_COLOR_NAME = AccentColor;
				CODE_SIGN_STYLE = Automatic;
				CURRENT_PROJECT_VERSION = 1;
				DEVELOPMENT_ASSET_PATHS = "\"SwiftUIviews/Preview Content\"";
				DEVELOPMENT_TEAM = 7MH8KA7J8V;
				ENABLE_PREVIEWS = YES;
				GENERATE_INFOPLIST_FILE = YES;
				INFOPLIST_FILE = SwiftUIviews/Info.plist;
				INFOPLIST_KEY_UIApplicationSceneManifest_Generation = YES;
				INFOPLIST_KEY_UIApplicationSupportsIndirectInputEvents = YES;
				INFOPLIST_KEY_UILaunchScreen_Generation = YES;
				INFOPLIST_KEY_UISupportedInterfaceOrientations_iPad = "UIInterfaceOrientationPortrait UIInterfaceOrientationPortraitUpsideDown UIInterfaceOrientationLandscapeLeft UIInterfaceOrientationLandscapeRight";
				INFOPLIST_KEY_UISupportedInterfaceOrientations_iPhone = "UIInterfaceOrientationPortrait UIInterfaceOrientationLandscapeLeft UIInterfaceOrientationLandscapeRight";
				LD_RUNPATH_SEARCH_PATHS = (
					"$(inherited)",
					"@executable_path/Frameworks",
				);
				MARKETING_VERSION = 1.0;
				PRODUCT_BUNDLE_IDENTIFIER = tilakirill.SwiftUIviews;
				PRODUCT_NAME = "$(TARGET_NAME)";
				SWIFT_EMIT_LOC_STRINGS = YES;
				SWIFT_VERSION = 5.0;
				TARGETED_DEVICE_FAMILY = "1,2";
			};
			name = Debug;
		};
		3E4CCE8727E5DD53006DD013 /* Release */ = {
			isa = XCBuildConfiguration;
			buildSettings = {
				ASSETCATALOG_COMPILER_APPICON_NAME = AppIcon;
				ASSETCATALOG_COMPILER_GLOBAL_ACCENT_COLOR_NAME = AccentColor;
				CODE_SIGN_STYLE = Automatic;
				CURRENT_PROJECT_VERSION = 1;
				DEVELOPMENT_ASSET_PATHS = "\"SwiftUIviews/Preview Content\"";
				DEVELOPMENT_TEAM = 7MH8KA7J8V;
				ENABLE_PREVIEWS = YES;
				GENERATE_INFOPLIST_FILE = YES;
				INFOPLIST_FILE = SwiftUIviews/Info.plist;
				INFOPLIST_KEY_UIApplicationSceneManifest_Generation = YES;
				INFOPLIST_KEY_UIApplicationSupportsIndirectInputEvents = YES;
				INFOPLIST_KEY_UILaunchScreen_Generation = YES;
				INFOPLIST_KEY_UISupportedInterfaceOrientations_iPad = "UIInterfaceOrientationPortrait UIInterfaceOrientationPortraitUpsideDown UIInterfaceOrientationLandscapeLeft UIInterfaceOrientationLandscapeRight";
				INFOPLIST_KEY_UISupportedInterfaceOrientations_iPhone = "UIInterfaceOrientationPortrait UIInterfaceOrientationLandscapeLeft UIInterfaceOrientationLandscapeRight";
				LD_RUNPATH_SEARCH_PATHS = (
					"$(inherited)",
					"@executable_path/Frameworks",
				);
				MARKETING_VERSION = 1.0;
				PRODUCT_BUNDLE_IDENTIFIER = tilakirill.SwiftUIviews;
				PRODUCT_NAME = "$(TARGET_NAME)";
				SWIFT_EMIT_LOC_STRINGS = YES;
				SWIFT_VERSION = 5.0;
				TARGETED_DEVICE_FAMILY = "1,2";
			};
			name = Release;
		};
/* End XCBuildConfiguration section */

/* Begin XCConfigurationList section */
		3E4CCE7227E5DD51006DD013 /* Build configuration list for PBXProject "SwiftUIviews" */ = {
			isa = XCConfigurationList;
			buildConfigurations = (
				3E4CCE8327E5DD53006DD013 /* Debug */,
				3E4CCE8427E5DD53006DD013 /* Release */,
			);
			defaultConfigurationIsVisible = 0;
			defaultConfigurationName = Release;
		};
		3E4CCE8527E5DD53006DD013 /* Build configuration list for PBXNativeTarget "SwiftUIviews" */ = {
			isa = XCConfigurationList;
			buildConfigurations = (
				3E4CCE8627E5DD53006DD013 /* Debug */,
				3E4CCE8727E5DD53006DD013 /* Release */,
			);
			defaultConfigurationIsVisible = 0;
			defaultConfigurationName = Release;
		};
/* End XCConfigurationList section */

/* Begin XCRemoteSwiftPackageReference section */
		3E4CCE8E27E5E050006DD013 /* XCRemoteSwiftPackageReference "SPSafeSymbols" */ = {
			isa = XCRemoteSwiftPackageReference;
			repositoryURL = "https://github.com/sparrowcode/SPSafeSymbols.git";
			requirement = {
				branch = main;
				kind = branch;
			};
		};
		3EF2F54E27E60F1200386EED /* XCRemoteSwiftPackageReference "SDWebImageSwiftUI" */ = {
			isa = XCRemoteSwiftPackageReference;
			repositoryURL = "https://github.com/SDWebImage/SDWebImageSwiftUI.git";
			requirement = {
				branch = master;
				kind = branch;
			};
		};
/* End XCRemoteSwiftPackageReference section */

/* Begin XCSwiftPackageProductDependency section */
		3E4CCE8F27E5E050006DD013 /* SPSafeSymbols */ = {
			isa = XCSwiftPackageProductDependency;
			package = 3E4CCE8E27E5E050006DD013 /* XCRemoteSwiftPackageReference "SPSafeSymbols" */;
			productName = SPSafeSymbols;
		};
		3EF2F54F27E60F1200386EED /* SDWebImageSwiftUI */ = {
			isa = XCSwiftPackageProductDependency;
			package = 3EF2F54E27E60F1200386EED /* XCRemoteSwiftPackageReference "SDWebImageSwiftUI" */;
			productName = SDWebImageSwiftUI;
		};
/* End XCSwiftPackageProductDependency section */
	};
	rootObject = 3E4CCE6F27E5DD51006DD013 /* Project object */;
}
